
Microsoft Visual Studio Solution File, Format Version 12.00
# Visual Studio Version 17
VisualStudioVersion = 17.8.34408.163
MinimumVisualStudioVersion = 10.0.40219.1
Project("{FAE04EC0-301F-11D3-BF4B-00C04F79EFBC}") = "FileExample", "FileExample\FileExample.csproj", "{2F76B198-C08F-452A-94E5-B93A9F9432CF}"
EndProject
Global
	GlobalSection(SolutionConfigurationPlatforms) = preSolution
		Debug|Any CPU = Debug|Any CPU
		Release|Any CPU = Release|Any CPU
	EndGlobalSection
	GlobalSection(ProjectConfigurationPlatforms) = postSolution
		{2F76B198-C08F-452A-94E5-B93A9F9432CF}.Debug|Any CPU.ActiveCfg = Debug|Any CPU
		{2F76B198-C08F-452A-94E5-B93A9F9432CF}.Debug|Any CPU.Build.0 = Debug|Any CPU
		{2F76B198-C08F-452A-94E5-B93A9F9432CF}.Release|Any CPU.ActiveCfg = Release|Any CPU
		{2F76B198-C08F-452A-94E5-B93A9F9432CF}.Release|Any CPU.Build.0 = Release|Any CPU
	EndGlobalSection
	GlobalSection(SolutionProperties) = preSolution
		HideSolutionNode = FALSE
	EndGlobalSection
	GlobalSection(ExtensibilityGlobals) = postSolution
		SolutionGuid = {56975E45-6A67-4E2F-B50C-55EC7C195E8F}
	EndGlobalSection
EndGlobal
